{
    "_meta": {
        "hash": {
            "sha256": "cc70ffbb25dbd06bc8c3514b7a697bad1aa68180beeceec1fc27ab0394cec47b"
        },
        "pipfile-spec": 6,
        "requires": {
            "python_version": "3.11"
        },
        "sources": [
            {
                "name": "pypi",
                "url": "https://pypi.org/simple",
                "verify_ssl": true
            }
        ]
    },
    "default": {
        "whitenoise": {
            "hashes": [
                "sha256:5aea935dfc09ef2beeb76960b4a808b0bbe65e85fb0b0312434b9c365ca02a41",
                "sha256:826ffe5d608c9dc8daebef1b0b43d01f7958f17c2fce36e75c80e26160172c4f"
            ],
            "index": "pypi",
            "version": "==2.0.6"
        }
    },
    "develop": {}
}
